
Microsoft Visual Studio Solution File, Format Version 12.00
# Visual Studio 15
VisualStudioVersion = 15.0.27004.2009
MinimumVisualStudioVersion = 10.0.40219.1
Project("{FAE04EC0-301F-11D3-BF4B-00C04F79EFBC}") = "PetProjects.Framework.Logging.Samples.WebApi", "PetProjects.Framework.Logging.Samples\PetProjects.Framework.Logging.Samples.WebApi.csproj", "{64C37708-D211-4DEF-8CCE-9FB09CFD710D}"
EndProject
Global
	GlobalSection(SolutionConfigurationPlatforms) = preSolution
		Debug|Any CPU = Debug|Any CPU
		Release|Any CPU = Release|Any CPU
	EndGlobalSection
	GlobalSection(ProjectConfigurationPlatforms) = postSolution
		{64C37708-D211-4DEF-8CCE-9FB09CFD710D}.Debug|Any CPU.ActiveCfg = Debug|Any CPU
		{64C37708-D211-4DEF-8CCE-9FB09CFD710D}.Debug|Any CPU.Build.0 = Debug|Any CPU
		{64C37708-D211-4DEF-8CCE-9FB09CFD710D}.Release|Any CPU.ActiveCfg = Release|Any CPU
		{64C37708-D211-4DEF-8CCE-9FB09CFD710D}.Release|Any CPU.Build.0 = Release|Any CPU
	EndGlobalSection
	GlobalSection(SolutionProperties) = preSolution
		HideSolutionNode = FALSE
	EndGlobalSection
	GlobalSection(ExtensibilityGlobals) = postSolution
		SolutionGuid = {5F6B2DFC-D2B4-438D-A615-C1FFBBDD2EC2}
	EndGlobalSection
EndGlobal
